
Microsoft Visual Studio Solution File, Format Version 12.00
# Visual Studio Version 17
VisualStudioVersion = 17.10.35013.160
MinimumVisualStudioVersion = 10.0.40219.1
Project("{FAE04EC0-301F-11D3-BF4B-00C04F79EFBC}") = "SimuladorPagamentoPix", "SimuladorPagamentoPix.csproj", "{2901B6F6-5F40-4717-99CE-73EB21403259}"
EndProject
Global
	GlobalSection(SolutionConfigurationPlatforms) = preSolution
		Debug|Any CPU = Debug|Any CPU
		Release|Any CPU = Release|Any CPU
	EndGlobalSection
	GlobalSection(ProjectConfigurationPlatforms) = postSolution
		{2901B6F6-5F40-4717-99CE-73EB21403259}.Debug|Any CPU.ActiveCfg = Debug|Any CPU
		{2901B6F6-5F40-4717-99CE-73EB21403259}.Debug|Any CPU.Build.0 = Debug|Any CPU
		{2901B6F6-5F40-4717-99CE-73EB21403259}.Release|Any CPU.ActiveCfg = Release|Any CPU
		{2901B6F6-5F40-4717-99CE-73EB21403259}.Release|Any CPU.Build.0 = Release|Any CPU
	EndGlobalSection
	GlobalSection(SolutionProperties) = preSolution
		HideSolutionNode = FALSE
	EndGlobalSection
	GlobalSection(ExtensibilityGlobals) = postSolution
		SolutionGuid = {1243D390-FA1A-468D-8B47-E1710A9D5493}
	EndGlobalSection
EndGlobal
